
Microsoft Visual Studio Solution File, Format Version 12.00
# Visual Studio Version 17
VisualStudioVersion = 17.5.002.0
MinimumVisualStudioVersion = 10.0.40219.1
Project("{9A19103F-16F7-4668-BE54-9A1E7A4F7556}") = "Hola-Mundo", "Hola-Mundo.csproj", "{83E43E97-765E-491A-B7CF-5D58BB519227}"
EndProject
Global
	GlobalSection(SolutionConfigurationPlatforms) = preSolution
		Debug|Any CPU = Debug|Any CPU
		Release|Any CPU = Release|Any CPU
	EndGlobalSection
	GlobalSection(ProjectConfigurationPlatforms) = postSolution
		{83E43E97-765E-491A-B7CF-5D58BB519227}.Debug|Any CPU.ActiveCfg = Debug|Any CPU
		{83E43E97-765E-491A-B7CF-5D58BB519227}.Debug|Any CPU.Build.0 = Debug|Any CPU
		{83E43E97-765E-491A-B7CF-5D58BB519227}.Release|Any CPU.ActiveCfg = Release|Any CPU
		{83E43E97-765E-491A-B7CF-5D58BB519227}.Release|Any CPU.Build.0 = Release|Any CPU
	EndGlobalSection
	GlobalSection(SolutionProperties) = preSolution
		HideSolutionNode = FALSE
	EndGlobalSection
	GlobalSection(ExtensibilityGlobals) = postSolution
		SolutionGuid = {BC444261-5C05-459C-AD7C-ADC4C0269A3A}
	EndGlobalSection
EndGlobal
